// !$*UTF8*$!
{
	archiveVersion = 1;
	classes = {
	};
	objectVersion = 55;
	objects = {

/* Begin PBXBuildFile section */
		C52BFE71280031B7004CA1DF /* SeeLaunchesTableViewCell.swift in Sources */ = {isa = PBXBuildFile; fileRef = C52BFE70280031B7004CA1DF /* SeeLaunchesTableViewCell.swift */; };
		C53BB47927F7592300B7998C /* RocketVC.swift in Sources */ = {isa = PBXBuildFile; fileRef = C53BB47827F7592300B7998C /* RocketVC.swift */; };
		C559201127F82DA200AD2D3B /* RocketHeaderView.swift in Sources */ = {isa = PBXBuildFile; fileRef = C559201027F82DA200AD2D3B /* RocketHeaderView.swift */; };
		C57482C827FEDB050026E23D /* APICaller.swift in Sources */ = {isa = PBXBuildFile; fileRef = C57482C727FEDB050026E23D /* APICaller.swift */; };
		C57482CB27FEDBE40026E23D /* Rocket.swift in Sources */ = {isa = PBXBuildFile; fileRef = C57482CA27FEDBE40026E23D /* Rocket.swift */; };
		C58A447727FE336D00F07777 /* TitleTableViewCell.swift in Sources */ = {isa = PBXBuildFile; fileRef = C58A447627FE336D00F07777 /* TitleTableViewCell.swift */; };
		C592AD7027F43FBE00AC96D2 /* AppDelegate.swift in Sources */ = {isa = PBXBuildFile; fileRef = C592AD6F27F43FBE00AC96D2 /* AppDelegate.swift */; };
		C592AD7227F43FBE00AC96D2 /* SceneDelegate.swift in Sources */ = {isa = PBXBuildFile; fileRef = C592AD7127F43FBE00AC96D2 /* SceneDelegate.swift */; };
		C592AD7427F43FBE00AC96D2 /* PageVC.swift in Sources */ = {isa = PBXBuildFile; fileRef = C592AD7327F43FBE00AC96D2 /* PageVC.swift */; };
		C592AD7927F43FBF00AC96D2 /* Assets.xcassets in Resources */ = {isa = PBXBuildFile; fileRef = C592AD7827F43FBF00AC96D2 /* Assets.xcassets */; };
		C592AD7C27F43FBF00AC96D2 /* LaunchScreen.storyboard in Resources */ = {isa = PBXBuildFile; fileRef = C592AD7A27F43FBF00AC96D2 /* LaunchScreen.storyboard */; };
		C5AC44DF2802DA1900D67BFD /* TableHeader.swift in Sources */ = {isa = PBXBuildFile; fileRef = C5AC44DE2802DA1900D67BFD /* TableHeader.swift */; };
		C5AC44E12802F0B900D67BFD /* UniversalTableViewCell.swift in Sources */ = {isa = PBXBuildFile; fileRef = C5AC44E02802F0B900D67BFD /* UniversalTableViewCell.swift */; };
		C5CDB22727F8D5B700A741AA /* FeaturesTableViewCell.swift in Sources */ = {isa = PBXBuildFile; fileRef = C5CDB22627F8D5B700A741AA /* FeaturesTableViewCell.swift */; };
		C5CDB22B27F8D71B00A741AA /* FeaturesCollectionViewCell.swift in Sources */ = {isa = PBXBuildFile; fileRef = C5CDB22A27F8D71B00A741AA /* FeaturesCollectionViewCell.swift */; };
		C5D46D7527F8325B0050C8E7 /* SettingsVC.swift in Sources */ = {isa = PBXBuildFile; fileRef = C5D46D7427F8325B0050C8E7 /* SettingsVC.swift */; };
		C5D46D7727F834DF0050C8E7 /* SettingsTableViewCell.swift in Sources */ = {isa = PBXBuildFile; fileRef = C5D46D7627F834DF0050C8E7 /* SettingsTableViewCell.swift */; };
/* End PBXBuildFile section */

/* Begin PBXFileReference section */
		C52BFE70280031B7004CA1DF /* SeeLaunchesTableViewCell.swift */ = {isa = PBXFileReference; lastKnownFileType = sourcecode.swift; path = SeeLaunchesTableViewCell.swift; sourceTree = "<group>"; };
		C53BB47827F7592300B7998C /* RocketVC.swift */ = {isa = PBXFileReference; lastKnownFileType = sourcecode.swift; path = RocketVC.swift; sourceTree = "<group>"; };
		C559201027F82DA200AD2D3B /* RocketHeaderView.swift */ = {isa = PBXFileReference; lastKnownFileType = sourcecode.swift; path = RocketHeaderView.swift; sourceTree = "<group>"; };
		C57482C727FEDB050026E23D /* APICaller.swift */ = {isa = PBXFileReference; lastKnownFileType = sourcecode.swift; path = APICaller.swift; sourceTree = "<group>"; };
		C57482CA27FEDBE40026E23D /* Rocket.swift */ = {isa = PBXFileReference; lastKnownFileType = sourcecode.swift; path = Rocket.swift; sourceTree = "<group>"; };
		C58A447627FE336D00F07777 /* TitleTableViewCell.swift */ = {isa = PBXFileReference; lastKnownFileType = sourcecode.swift; path = TitleTableViewCell.swift; sourceTree = "<group>"; };
		C592AD6C27F43FBE00AC96D2 /* Launches.app */ = {isa = PBXFileReference; explicitFileType = wrapper.application; includeInIndex = 0; path = Launches.app; sourceTree = BUILT_PRODUCTS_DIR; };
		C592AD6F27F43FBE00AC96D2 /* AppDelegate.swift */ = {isa = PBXFileReference; lastKnownFileType = sourcecode.swift; path = AppDelegate.swift; sourceTree = "<group>"; };
		C592AD7127F43FBE00AC96D2 /* SceneDelegate.swift */ = {isa = PBXFileReference; lastKnownFileType = sourcecode.swift; path = SceneDelegate.swift; sourceTree = "<group>"; };
		C592AD7327F43FBE00AC96D2 /* PageVC.swift */ = {isa = PBXFileReference; lastKnownFileType = sourcecode.swift; path = PageVC.swift; sourceTree = "<group>"; };
		C592AD7827F43FBF00AC96D2 /* Assets.xcassets */ = {isa = PBXFileReference; lastKnownFileType = folder.assetcatalog; path = Assets.xcassets; sourceTree = "<group>"; };
		C592AD7B27F43FBF00AC96D2 /* Base */ = {isa = PBXFileReference; lastKnownFileType = file.storyboard; name = Base; path = Base.lproj/LaunchScreen.storyboard; sourceTree = "<group>"; };
		C592AD7D27F43FBF00AC96D2 /* Info.plist */ = {isa = PBXFileReference; lastKnownFileType = text.plist.xml; path = Info.plist; sourceTree = "<group>"; };
		C5AC44DE2802DA1900D67BFD /* TableHeader.swift */ = {isa = PBXFileReference; lastKnownFileType = sourcecode.swift; path = TableHeader.swift; sourceTree = "<group>"; };
		C5AC44E02802F0B900D67BFD /* UniversalTableViewCell.swift */ = {isa = PBXFileReference; lastKnownFileType = sourcecode.swift; path = UniversalTableViewCell.swift; sourceTree = "<group>"; };
		C5CDB22627F8D5B700A741AA /* FeaturesTableViewCell.swift */ = {isa = PBXFileReference; lastKnownFileType = sourcecode.swift; path = FeaturesTableViewCell.swift; sourceTree = "<group>"; };
		C5CDB22A27F8D71B00A741AA /* FeaturesCollectionViewCell.swift */ = {isa = PBXFileReference; lastKnownFileType = sourcecode.swift; path = FeaturesCollectionViewCell.swift; sourceTree = "<group>"; };
		C5D46D7427F8325B0050C8E7 /* SettingsVC.swift */ = {isa = PBXFileReference; lastKnownFileType = sourcecode.swift; path = SettingsVC.swift; sourceTree = "<group>"; };
		C5D46D7627F834DF0050C8E7 /* SettingsTableViewCell.swift */ = {isa = PBXFileReference; lastKnownFileType = sourcecode.swift; path = SettingsTableViewCell.swift; sourceTree = "<group>"; };
/* End PBXFileReference section */

/* Begin PBXFrameworksBuildPhase section */
		C592AD6927F43FBE00AC96D2 /* Frameworks */ = {
			isa = PBXFrameworksBuildPhase;
			buildActionMask = 2147483647;
			files = (
			);
			runOnlyForDeploymentPostprocessing = 0;
		};
/* End PBXFrameworksBuildPhase section */

/* Begin PBXGroup section */
		C57482C927FEDBD50026E23D /* Manager */ = {
			isa = PBXGroup;
			children = (
				C57482C727FEDB050026E23D /* APICaller.swift */,
			);
			path = Manager;
			sourceTree = "<group>";
		};
		C57482CC27FEDC160026E23D /* Model */ = {
			isa = PBXGroup;
			children = (
				C57482CA27FEDBE40026E23D /* Rocket.swift */,
			);
			path = Model;
			sourceTree = "<group>";
		};
		C592AD6327F43FBE00AC96D2 = {
			isa = PBXGroup;
			children = (
				C592AD6E27F43FBE00AC96D2 /* Launches */,
				C592AD6D27F43FBE00AC96D2 /* Products */,
			);
			sourceTree = "<group>";
		};
		C592AD6D27F43FBE00AC96D2 /* Products */ = {
			isa = PBXGroup;
			children = (
				C592AD6C27F43FBE00AC96D2 /* Launches.app */,
			);
			name = Products;
			sourceTree = "<group>";
		};
		C592AD6E27F43FBE00AC96D2 /* Launches */ = {
			isa = PBXGroup;
			children = (
				C592AD6F27F43FBE00AC96D2 /* AppDelegate.swift */,
				C592AD7127F43FBE00AC96D2 /* SceneDelegate.swift */,
				C57482CC27FEDC160026E23D /* Model */,
				C57482C927FEDBD50026E23D /* Manager */,
				C5CDB22427F8AC1900A741AA /* Controller */,
				C5CDB22527F8AC2600A741AA /* View */,
				C592AD7827F43FBF00AC96D2 /* Assets.xcassets */,
				C592AD7A27F43FBF00AC96D2 /* LaunchScreen.storyboard */,
				C592AD7D27F43FBF00AC96D2 /* Info.plist */,
			);
			path = Launches;
			sourceTree = "<group>";
		};
		C5CDB22427F8AC1900A741AA /* Controller */ = {
			isa = PBXGroup;
			children = (
				C592AD7327F43FBE00AC96D2 /* PageVC.swift */,
				C53BB47827F7592300B7998C /* RocketVC.swift */,
				C5D46D7427F8325B0050C8E7 /* SettingsVC.swift */,
			);
			path = Controller;
			sourceTree = "<group>";
		};
		C5CDB22527F8AC2600A741AA /* View */ = {
			isa = PBXGroup;
			children = (
				C559201027F82DA200AD2D3B /* RocketHeaderView.swift */,
				C58A447627FE336D00F07777 /* TitleTableViewCell.swift */,
				C5CDB22627F8D5B700A741AA /* FeaturesTableViewCell.swift */,
				C5CDB22A27F8D71B00A741AA /* FeaturesCollectionViewCell.swift */,
				C5AC44DE2802DA1900D67BFD /* TableHeader.swift */,
				C52BFE70280031B7004CA1DF /* SeeLaunchesTableViewCell.swift */,
				C5AC44E02802F0B900D67BFD /* UniversalTableViewCell.swift */,
				C5D46D7627F834DF0050C8E7 /* SettingsTableViewCell.swift */,
			);
			path = View;
			sourceTree = "<group>";
		};
/* End PBXGroup section */

/* Begin PBXNativeTarget section */
		C592AD6B27F43FBE00AC96D2 /* Launches */ = {
			isa = PBXNativeTarget;
			buildConfigurationList = C592AD8027F43FBF00AC96D2 /* Build configuration list for PBXNativeTarget "Launches" */;
			buildPhases = (
				C592AD6827F43FBE00AC96D2 /* Sources */,
				C592AD6927F43FBE00AC96D2 /* Frameworks */,
				C592AD6A27F43FBE00AC96D2 /* Resources */,
			);
			buildRules = (
			);
			dependencies = (
			);
			name = Launches;
			productName = Launches;
			productReference = C592AD6C27F43FBE00AC96D2 /* Launches.app */;
			productType = "com.apple.product-type.application";
		};
/* End PBXNativeTarget section */

/* Begin PBXProject section */
		C592AD6427F43FBE00AC96D2 /* Project object */ = {
			isa = PBXProject;
			attributes = {
				BuildIndependentTargetsInParallel = 1;
				LastSwiftUpdateCheck = 1330;
				LastUpgradeCheck = 1330;
				TargetAttributes = {
					C592AD6B27F43FBE00AC96D2 = {
						CreatedOnToolsVersion = 13.3;
					};
				};
			};
			buildConfigurationList = C592AD6727F43FBE00AC96D2 /* Build configuration list for PBXProject "Launches" */;
			compatibilityVersion = "Xcode 13.0";
			developmentRegion = en;
			hasScannedForEncodings = 0;
			knownRegions = (
				en,
				Base,
			);
			mainGroup = C592AD6327F43FBE00AC96D2;
			productRefGroup = C592AD6D27F43FBE00AC96D2 /* Products */;
			projectDirPath = "";
			projectRoot = "";
			targets = (
				C592AD6B27F43FBE00AC96D2 /* Launches */,
			);
		};
/* End PBXProject section */

/* Begin PBXResourcesBuildPhase section */
		C592AD6A27F43FBE00AC96D2 /* Resources */ = {
			isa = PBXResourcesBuildPhase;
			buildActionMask = 2147483647;
			files = (
				C592AD7C27F43FBF00AC96D2 /* LaunchScreen.storyboard in Resources */,
				C592AD7927F43FBF00AC96D2 /* Assets.xcassets in Resources */,
			);
			runOnlyForDeploymentPostprocessing = 0;
		};
/* End PBXResourcesBuildPhase section */

/* Begin PBXSourcesBuildPhase section */
		C592AD6827F43FBE00AC96D2 /* Sources */ = {
			isa = PBXSourcesBuildPhase;
			buildActionMask = 2147483647;
			files = (
				C58A447727FE336D00F07777 /* TitleTableViewCell.swift in Sources */,
				C5AC44E12802F0B900D67BFD /* UniversalTableViewCell.swift in Sources */,
				C559201127F82DA200AD2D3B /* RocketHeaderView.swift in Sources */,
				C57482C827FEDB050026E23D /* APICaller.swift in Sources */,
				C53BB47927F7592300B7998C /* RocketVC.swift in Sources */,
				C592AD7427F43FBE00AC96D2 /* PageVC.swift in Sources */,
				C5CDB22B27F8D71B00A741AA /* FeaturesCollectionViewCell.swift in Sources */,
				C57482CB27FEDBE40026E23D /* Rocket.swift in Sources */,
				C592AD7027F43FBE00AC96D2 /* AppDelegate.swift in Sources */,
				C5D46D7727F834DF0050C8E7 /* SettingsTableViewCell.swift in Sources */,
				C592AD7227F43FBE00AC96D2 /* SceneDelegate.swift in Sources */,
				C5CDB22727F8D5B700A741AA /* FeaturesTableViewCell.swift in Sources */,
				C5AC44DF2802DA1900D67BFD /* TableHeader.swift in Sources */,
				C52BFE71280031B7004CA1DF /* SeeLaunchesTableViewCell.swift in Sources */,
				C5D46D7527F8325B0050C8E7 /* SettingsVC.swift in Sources */,
			);
			runOnlyForDeploymentPostprocessing = 0;
		};
/* End PBXSourcesBuildPhase section */

/* Begin PBXVariantGroup section */
		C592AD7A27F43FBF00AC96D2 /* LaunchScreen.storyboard */ = {
			isa = PBXVariantGroup;
			children = (
				C592AD7B27F43FBF00AC96D2 /* Base */,
			);
			name = LaunchScreen.storyboard;
			sourceTree = "<group>";
		};
/* End PBXVariantGroup section */

/* Begin XCBuildConfiguration section */
		C592AD7E27F43FBF00AC96D2 /* Debug */ = {
			isa = XCBuildConfiguration;
			buildSettings = {
				ALWAYS_SEARCH_USER_PATHS = NO;
				CLANG_ANALYZER_NONNULL = YES;
				CLANG_ANALYZER_NUMBER_OBJECT_CONVERSION = YES_AGGRESSIVE;
				CLANG_CXX_LANGUAGE_STANDARD = "gnu++17";
				CLANG_ENABLE_MODULES = YES;
				CLANG_ENABLE_OBJC_ARC = YES;
				CLANG_ENABLE_OBJC_WEAK = YES;
				CLANG_WARN_BLOCK_CAPTURE_AUTORELEASING = YES;
				CLANG_WARN_BOOL_CONVERSION = YES;
				CLANG_WARN_COMMA = YES;
				CLANG_WARN_CONSTANT_CONVERSION = YES;
				CLANG_WARN_DEPRECATED_OBJC_IMPLEMENTATIONS = YES;
				CLANG_WARN_DIRECT_OBJC_ISA_USAGE = YES_ERROR;
				CLANG_WARN_DOCUMENTATION_COMMENTS = YES;
				CLANG_WARN_EMPTY_BODY = YES;
				CLANG_WARN_ENUM_CONVERSION = YES;
				CLANG_WARN_INFINITE_RECURSION = YES;
				CLANG_WARN_INT_CONVERSION = YES;
				CLANG_WARN_NON_LITERAL_NULL_CONVERSION = YES;
				CLANG_WARN_OBJC_IMPLICIT_RETAIN_SELF = YES;
				CLANG_WARN_OBJC_LITERAL_CONVERSION = YES;
				CLANG_WARN_OBJC_ROOT_CLASS = YES_ERROR;
				CLANG_WARN_QUOTED_INCLUDE_IN_FRAMEWORK_HEADER = YES;
				CLANG_WARN_RANGE_LOOP_ANALYSIS = YES;
				CLANG_WARN_STRICT_PROTOTYPES = YES;
				CLANG_WARN_SUSPICIOUS_MOVE = YES;
				CLANG_WARN_UNGUARDED_AVAILABILITY = YES_AGGRESSIVE;
				CLANG_WARN_UNREACHABLE_CODE = YES;
				CLANG_WARN__DUPLICATE_METHOD_MATCH = YES;
				COPY_PHASE_STRIP = NO;
				DEBUG_INFORMATION_FORMAT = dwarf;
				ENABLE_STRICT_OBJC_MSGSEND = YES;
				ENABLE_TESTABILITY = YES;
				GCC_C_LANGUAGE_STANDARD = gnu11;
				GCC_DYNAMIC_NO_PIC = NO;
				GCC_NO_COMMON_BLOCKS = YES;
				GCC_OPTIMIZATION_LEVEL = 0;
				GCC_PREPROCESSOR_DEFINITIONS = (
					"DEBUG=1",
					"$(inherited)",
				);
				GCC_WARN_64_TO_32_BIT_CONVERSION = YES;
				GCC_WARN_ABOUT_RETURN_TYPE = YES_ERROR;
				GCC_WARN_UNDECLARED_SELECTOR = YES;
				GCC_WARN_UNINITIALIZED_AUTOS = YES_AGGRESSIVE;
				GCC_WARN_UNUSED_FUNCTION = YES;
				GCC_WARN_UNUSED_VARIABLE = YES;
				IPHONEOS_DEPLOYMENT_TARGET = 15.4;
				MTL_ENABLE_DEBUG_INFO = INCLUDE_SOURCE;
				MTL_FAST_MATH = YES;
				ONLY_ACTIVE_ARCH = YES;
				SDKROOT = iphoneos;
				SWIFT_ACTIVE_COMPILATION_CONDITIONS = DEBUG;
				SWIFT_OPTIMIZATION_LEVEL = "-Onone";
			};
			name = Debug;
		};
		C592AD7F27F43FBF00AC96D2 /* Release */ = {
			isa = XCBuildConfiguration;
			buildSettings = {
				ALWAYS_SEARCH_USER_PATHS = NO;
				CLANG_ANALYZER_NONNULL = YES;
				CLANG_ANALYZER_NUMBER_OBJECT_CONVERSION = YES_AGGRESSIVE;
				CLANG_CXX_LANGUAGE_STANDARD = "gnu++17";
				CLANG_ENABLE_MODULES = YES;
				CLANG_ENABLE_OBJC_ARC = YES;
				CLANG_ENABLE_OBJC_WEAK = YES;
				CLANG_WARN_BLOCK_CAPTURE_AUTORELEASING = YES;
				CLANG_WARN_BOOL_CONVERSION = YES;
				CLANG_WARN_COMMA = YES;
				CLANG_WARN_CONSTANT_CONVERSION = YES;
				CLANG_WARN_DEPRECATED_OBJC_IMPLEMENTATIONS = YES;
				CLANG_WARN_DIRECT_OBJC_ISA_USAGE = YES_ERROR;
				CLANG_WARN_DOCUMENTATION_COMMENTS = YES;
				CLANG_WARN_EMPTY_BODY = YES;
				CLANG_WARN_ENUM_CONVERSION = YES;
				CLANG_WARN_INFINITE_RECURSION = YES;
				CLANG_WARN_INT_CONVERSION = YES;
				CLANG_WARN_NON_LITERAL_NULL_CONVERSION = YES;
				CLANG_WARN_OBJC_IMPLICIT_RETAIN_SELF = YES;
				CLANG_WARN_OBJC_LITERAL_CONVERSION = YES;
				CLANG_WARN_OBJC_ROOT_CLASS = YES_ERROR;
				CLANG_WARN_QUOTED_INCLUDE_IN_FRAMEWORK_HEADER = YES;
				CLANG_WARN_RANGE_LOOP_ANALYSIS = YES;
				CLANG_WARN_STRICT_PROTOTYPES = YES;
				CLANG_WARN_SUSPICIOUS_MOVE = YES;
				CLANG_WARN_UNGUARDED_AVAILABILITY = YES_AGGRESSIVE;
				CLANG_WARN_UNREACHABLE_CODE = YES;
				CLANG_WARN__DUPLICATE_METHOD_MATCH = YES;
				COPY_PHASE_STRIP = NO;
				DEBUG_INFORMATION_FORMAT = "dwarf-with-dsym";
				ENABLE_NS_ASSERTIONS = NO;
				ENABLE_STRICT_OBJC_MSGSEND = YES;
				GCC_C_LANGUAGE_STANDARD = gnu11;
				GCC_NO_COMMON_BLOCKS = YES;
				GCC_WARN_64_TO_32_BIT_CONVERSION = YES;
				GCC_WARN_ABOUT_RETURN_TYPE = YES_ERROR;
				GCC_WARN_UNDECLARED_SELECTOR = YES;
				GCC_WARN_UNINITIALIZED_AUTOS = YES_AGGRESSIVE;
				GCC_WARN_UNUSED_FUNCTION = YES;
				GCC_WARN_UNUSED_VARIABLE = YES;
				IPHONEOS_DEPLOYMENT_TARGET = 15.4;
				MTL_ENABLE_DEBUG_INFO = NO;
				MTL_FAST_MATH = YES;
				SDKROOT = iphoneos;
				SWIFT_COMPILATION_MODE = wholemodule;
				SWIFT_OPTIMIZATION_LEVEL = "-O";
				VALIDATE_PRODUCT = YES;
			};
			name = Release;
		};
		C592AD8127F43FBF00AC96D2 /* Debug */ = {
			isa = XCBuildConfiguration;
			buildSettings = {
				ASSETCATALOG_COMPILER_APPICON_NAME = AppIcon;
				ASSETCATALOG_COMPILER_GLOBAL_ACCENT_COLOR_NAME = AccentColor;
				CODE_SIGN_STYLE = Automatic;
				CURRENT_PROJECT_VERSION = 1;
				DEVELOPMENT_TEAM = MNX7G7328F;
				GENERATE_INFOPLIST_FILE = YES;
				INFOPLIST_FILE = Launches/Info.plist;
				INFOPLIST_KEY_UIApplicationSupportsIndirectInputEvents = YES;
				INFOPLIST_KEY_UILaunchStoryboardName = LaunchScreen;
				INFOPLIST_KEY_UISupportedInterfaceOrientations_iPad = "UIInterfaceOrientationPortrait UIInterfaceOrientationPortraitUpsideDown UIInterfaceOrientationLandscapeLeft UIInterfaceOrientationLandscapeRight";
				INFOPLIST_KEY_UISupportedInterfaceOrientations_iPhone = "UIInterfaceOrientationPortrait UIInterfaceOrientationLandscapeLeft UIInterfaceOrientationLandscapeRight";
				LD_RUNPATH_SEARCH_PATHS = (
					"$(inherited)",
					"@executable_path/Frameworks",
				);
				MARKETING_VERSION = 1.0;
				PRODUCT_BUNDLE_IDENTIFIER = education.Launches;
				PRODUCT_NAME = "$(TARGET_NAME)";
				SWIFT_EMIT_LOC_STRINGS = YES;
				SWIFT_VERSION = 5.0;
				TARGETED_DEVICE_FAMILY = "1,2";
			};
			name = Debug;
		};
		C592AD8227F43FBF00AC96D2 /* Release */ = {
			isa = XCBuildConfiguration;
			buildSettings = {
				ASSETCATALOG_COMPILER_APPICON_NAME = AppIcon;
				ASSETCATALOG_COMPILER_GLOBAL_ACCENT_COLOR_NAME = AccentColor;
				CODE_SIGN_STYLE = Automatic;
				CURRENT_PROJECT_VERSION = 1;
				DEVELOPMENT_TEAM = MNX7G7328F;
				GENERATE_INFOPLIST_FILE = YES;
				INFOPLIST_FILE = Launches/Info.plist;
				INFOPLIST_KEY_UIApplicationSupportsIndirectInputEvents = YES;
				INFOPLIST_KEY_UILaunchStoryboardName = LaunchScreen;
				INFOPLIST_KEY_UISupportedInterfaceOrientations_iPad = "UIInterfaceOrientationPortrait UIInterfaceOrientationPortraitUpsideDown UIInterfaceOrientationLandscapeLeft UIInterfaceOrientationLandscapeRight";
				INFOPLIST_KEY_UISupportedInterfaceOrientations_iPhone = "UIInterfaceOrientationPortrait UIInterfaceOrientationLandscapeLeft UIInterfaceOrientationLandscapeRight";
				LD_RUNPATH_SEARCH_PATHS = (
					"$(inherited)",
					"@executable_path/Frameworks",
				);
				MARKETING_VERSION = 1.0;
				PRODUCT_BUNDLE_IDENTIFIER = education.Launches;
				PRODUCT_NAME = "$(TARGET_NAME)";
				SWIFT_EMIT_LOC_STRINGS = YES;
				SWIFT_VERSION = 5.0;
				TARGETED_DEVICE_FAMILY = "1,2";
			};
			name = Release;
		};
/* End XCBuildConfiguration section */

/* Begin XCConfigurationList section */
		C592AD6727F43FBE00AC96D2 /* Build configuration list for PBXProject "Launches" */ = {
			isa = XCConfigurationList;
			buildConfigurations = (
				C592AD7E27F43FBF00AC96D2 /* Debug */,
				C592AD7F27F43FBF00AC96D2 /* Release */,
			);
			defaultConfigurationIsVisible = 0;
			defaultConfigurationName = Release;
		};
		C592AD8027F43FBF00AC96D2 /* Build configuration list for PBXNativeTarget "Launches" */ = {
			isa = XCConfigurationList;
			buildConfigurations = (
				C592AD8127F43FBF00AC96D2 /* Debug */,
				C592AD8227F43FBF00AC96D2 /* Release */,
			);
			defaultConfigurationIsVisible = 0;
			defaultConfigurationName = Release;
		};
/* End XCConfigurationList section */
	};
	rootObject = C592AD6427F43FBE00AC96D2 /* Project object */;
}
